
Microsoft Visual Studio Solution File, Format Version 12.00
# Visual Studio 15
VisualStudioVersion = 15.0.27130.2036
MinimumVisualStudioVersion = 10.0.40219.1
Project("{8BC9CEB8-8B4A-11D0-8D11-00A0C91BC942}") = "try_test", "try_test\try_test.vcxproj", "{A38BB879-BD89-4395-A734-BC461EBB6361}"
EndProject
Global
	GlobalSection(SolutionConfigurationPlatforms) = preSolution
		Debug|x64 = Debug|x64
		Debug|x86 = Debug|x86
		Release|x64 = Release|x64
		Release|x86 = Release|x86
	EndGlobalSection
	GlobalSection(ProjectConfigurationPlatforms) = postSolution
		{A38BB879-BD89-4395-A734-BC461EBB6361}.Debug|x64.ActiveCfg = Debug|x64
		{A38BB879-BD89-4395-A734-BC461EBB6361}.Debug|x64.Build.0 = Debug|x64
		{A38BB879-BD89-4395-A734-BC461EBB6361}.Debug|x86.ActiveCfg = Debug|Win32
		{A38BB879-BD89-4395-A734-BC461EBB6361}.Debug|x86.Build.0 = Debug|Win32
		{A38BB879-BD89-4395-A734-BC461EBB6361}.Release|x64.ActiveCfg = Release|x64
		{A38BB879-BD89-4395-A734-BC461EBB6361}.Release|x64.Build.0 = Release|x64
		{A38BB879-BD89-4395-A734-BC461EBB6361}.Release|x86.ActiveCfg = Release|Win32
		{A38BB879-BD89-4395-A734-BC461EBB6361}.Release|x86.Build.0 = Release|Win32
	EndGlobalSection
	GlobalSection(SolutionProperties) = preSolution
		HideSolutionNode = FALSE
	EndGlobalSection
	GlobalSection(ExtensibilityGlobals) = postSolution
		SolutionGuid = {2E53F1F5-ACD0-4CB5-9E38-DB517D2AD5EF}
	EndGlobalSection
EndGlobal
